
Microsoft Visual Studio Solution File, Format Version 12.00
# Visual Studio 14
VisualStudioVersion = 14.0.25420.1
MinimumVisualStudioVersion = 10.0.40219.1
Project("{F2A71F9B-5D33-465A-A702-920D77279786}") = "CricketEngine", "CricketEngine\CricketEngine.fsproj", "{8A04469C-F09F-4AB2-B6FE-977698DD897B}"
EndProject
Project("{F2A71F9B-5D33-465A-A702-920D77279786}") = "CricketEngine.UnitTests", "CricketEngine.UnitTests\CricketEngine.UnitTests.fsproj", "{5D4C0263-4763-4E27-87E2-BA094E733EF9}"
EndProject
Project("{F2A71F9B-5D33-465A-A702-920D77279786}") = "CricketEngine.AcceptanceTests", "CricketEngine.AcceptanceTests\CricketEngine.AcceptanceTests.fsproj", "{9D9510F4-F123-40C8-AC18-CAD105CF6953}"
EndProject
Project("{2150E333-8FDC-42A3-9474-1A3956D46DE8}") = ".paket", ".paket", "{1FE34719-AC8E-46EB-9367-1EEFBF1B3DC7}"
	ProjectSection(SolutionItems) = preProject
		.paket\paket.bootstrapper.exe = .paket\paket.bootstrapper.exe
		paket.dependencies = paket.dependencies
		paket.lock = paket.lock
	EndProjectSection
EndProject
Project("{2150E333-8FDC-42A3-9474-1A3956D46DE8}") = "docs", "docs", "{3E43AF8C-8D12-4D11-89B8-768E7C7843E0}"
	ProjectSection(SolutionItems) = preProject
		README.md = README.md
	EndProjectSection
EndProject
Project("{2150E333-8FDC-42A3-9474-1A3956D46DE8}") = "FAKE", "FAKE", "{D37979E3-920E-47AB-994A-64051F08D901}"
	ProjectSection(SolutionItems) = preProject
		build.bat = build.bat
		build.fsx = build.fsx
	EndProjectSection
EndProject
Project("{F2A71F9B-5D33-465A-A702-920D77279786}") = "MatchRunner", "MatchRunner\MatchRunner.fsproj", "{82E90568-1CAC-4311-8D3C-9C9A24D4F82E}"
EndProject
Project("{F2A71F9B-5D33-465A-A702-920D77279786}") = "FableCricket", "FableCricket\FableCricket.fsproj", "{44A0608B-4CA3-496B-B98A-104831FADB1E}"
EndProject
Global
	GlobalSection(SolutionConfigurationPlatforms) = preSolution
		Debug|Any CPU = Debug|Any CPU
		Release|Any CPU = Release|Any CPU
	EndGlobalSection
	GlobalSection(ProjectConfigurationPlatforms) = postSolution
		{8A04469C-F09F-4AB2-B6FE-977698DD897B}.Debug|Any CPU.ActiveCfg = Debug|Any CPU
		{8A04469C-F09F-4AB2-B6FE-977698DD897B}.Debug|Any CPU.Build.0 = Debug|Any CPU
		{8A04469C-F09F-4AB2-B6FE-977698DD897B}.Release|Any CPU.ActiveCfg = Release|Any CPU
		{8A04469C-F09F-4AB2-B6FE-977698DD897B}.Release|Any CPU.Build.0 = Release|Any CPU
		{5D4C0263-4763-4E27-87E2-BA094E733EF9}.Debug|Any CPU.ActiveCfg = Debug|Any CPU
		{5D4C0263-4763-4E27-87E2-BA094E733EF9}.Debug|Any CPU.Build.0 = Debug|Any CPU
		{5D4C0263-4763-4E27-87E2-BA094E733EF9}.Release|Any CPU.ActiveCfg = Release|Any CPU
		{5D4C0263-4763-4E27-87E2-BA094E733EF9}.Release|Any CPU.Build.0 = Release|Any CPU
		{9D9510F4-F123-40C8-AC18-CAD105CF6953}.Debug|Any CPU.ActiveCfg = Debug|Any CPU
		{9D9510F4-F123-40C8-AC18-CAD105CF6953}.Debug|Any CPU.Build.0 = Debug|Any CPU
		{9D9510F4-F123-40C8-AC18-CAD105CF6953}.Release|Any CPU.ActiveCfg = Release|Any CPU
		{9D9510F4-F123-40C8-AC18-CAD105CF6953}.Release|Any CPU.Build.0 = Release|Any CPU
		{82E90568-1CAC-4311-8D3C-9C9A24D4F82E}.Debug|Any CPU.ActiveCfg = Debug|Any CPU
		{82E90568-1CAC-4311-8D3C-9C9A24D4F82E}.Debug|Any CPU.Build.0 = Debug|Any CPU
		{82E90568-1CAC-4311-8D3C-9C9A24D4F82E}.Release|Any CPU.ActiveCfg = Release|Any CPU
		{82E90568-1CAC-4311-8D3C-9C9A24D4F82E}.Release|Any CPU.Build.0 = Release|Any CPU
		{44A0608B-4CA3-496B-B98A-104831FADB1E}.Debug|Any CPU.ActiveCfg = Debug|Any CPU
		{44A0608B-4CA3-496B-B98A-104831FADB1E}.Debug|Any CPU.Build.0 = Debug|Any CPU
		{44A0608B-4CA3-496B-B98A-104831FADB1E}.Release|Any CPU.ActiveCfg = Release|Any CPU
		{44A0608B-4CA3-496B-B98A-104831FADB1E}.Release|Any CPU.Build.0 = Release|Any CPU
	EndGlobalSection
	GlobalSection(SolutionProperties) = preSolution
		HideSolutionNode = FALSE
	EndGlobalSection
EndGlobal
